
Microsoft Visual Studio Solution File, Format Version 12.00
# Visual Studio Version 17
VisualStudioVersion = 17.0.31903.59
MinimumVisualStudioVersion = 10.0.40219.1
Project("{2150E333-8FDC-42A3-9474-1A3956D46DE8}") = "src", "src", "{08E4601D-6248-40D0-8893-49916F4AEC99}"
EndProject
Project("{FAE04EC0-301F-11D3-BF4B-00C04F79EFBC}") = "SecAudit.Plugins.Abstractions", "src\SecAudit.Plugins.Abstractions\SecAudit.Plugins.Abstractions.csproj", "{106115AC-F049-4021-AFC2-AB0281ED98BB}"
EndProject
Project("{FAE04EC0-301F-11D3-BF4B-00C04F79EFBC}") = "SecAudit.Core", "src\SecAudit.Core\SecAudit.Core.csproj", "{4BD95761-1019-4368-9234-5E34D2026FBA}"
EndProject
Project("{FAE04EC0-301F-11D3-BF4B-00C04F79EFBC}") = "SecAudit.Infrastructure", "src\SecAudit.Infrastructure\SecAudit.Infrastructure.csproj", "{DA5E1183-D583-419D-BF3B-073DA6A4AFD5}"
EndProject
Project("{FAE04EC0-301F-11D3-BF4B-00C04F79EFBC}") = "SecAudit.Security", "src\SecAudit.Security\SecAudit.Security.csproj", "{80B29315-01A0-4615-AA5B-56B168CB0771}"
EndProject
Project("{FAE04EC0-301F-11D3-BF4B-00C04F79EFBC}") = "SecAudit.Modules.Hello", "src\SecAudit.Modules.Hello\SecAudit.Modules.Hello.csproj", "{FFC68501-217B-4B69-96A7-7D78C0E958C1}"
EndProject
Project("{FAE04EC0-301F-11D3-BF4B-00C04F79EFBC}") = "SecAudit.App", "src\SecAudit.App\SecAudit.App.csproj", "{ED7F56B6-38C5-4313-8DA2-C08B02F0D7A3}"
EndProject
Project("{FAE04EC0-301F-11D3-BF4B-00C04F79EFBC}") = "SecAudit.Modules.SystemInfo", "src\SecAudit.Modules.SystemInfo\SecAudit.Modules.SystemInfo.csproj", "{04FA7DBB-1362-48DD-87BE-CEEFD86026D8}"
EndProject
Project("{FAE04EC0-301F-11D3-BF4B-00C04F79EFBC}") = "SecAudit.Modules.Hardening", "src\SecAudit.Modules.Hardening\SecAudit.Modules.Hardening.csproj", "{DA616489-D1B8-4B9B-AC4D-B521B080E7F6}"
EndProject
Project("{FAE04EC0-301F-11D3-BF4B-00C04F79EFBC}") = "SecAudit.Cve.Pipeline", "src\SecAudit.Cve.Pipeline\SecAudit.Cve.Pipeline.csproj", "{6AF54EE4-9933-4321-B63B-A7315446D345}"
EndProject
Project("{FAE04EC0-301F-11D3-BF4B-00C04F79EFBC}") = "SecAudit.Modules.PatchCve", "src\SecAudit.Modules.PatchCve\SecAudit.Modules.PatchCve.csproj", "{97F8F6C1-9029-4E8B-AC78-E4A901DB36C1}"
EndProject
Project("{FAE04EC0-301F-11D3-BF4B-00C04F79EFBC}") = "SecAudit.Modules.LanScanner", "src\SecAudit.Modules.LanScanner\SecAudit.Modules.LanScanner.csproj", "{3917CC26-2511-4DDE-9548-7BE37C82FE07}"
EndProject
Project("{FAE04EC0-301F-11D3-BF4B-00C04F79EFBC}") = "SecAudit.Reporting", "src\SecAudit.Reporting\SecAudit.Reporting.csproj", "{9DA8585C-6BCF-4AEF-9A67-991D46386034}"
EndProject
Project("{FAE04EC0-301F-11D3-BF4B-00C04F79EFBC}") = "SecAudit.Modules.RemoteAccess", "src\SecAudit.Modules.RemoteAccess\SecAudit.Modules.RemoteAccess.csproj", "{396B998D-F97C-48E0-8AA7-75AAAAEC17D6}"
EndProject
Project("{FAE04EC0-301F-11D3-BF4B-00C04F79EFBC}") = "SecAudit.Cli", "src\SecAudit.Cli\SecAudit.Cli.csproj", "{751D15CF-5F2F-4B30-9136-C40E4A462CC3}"
EndProject
Project("{FAE04EC0-301F-11D3-BF4B-00C04F79EFBC}") = "SecAudit.Modules.LogForensics", "src\SecAudit.Modules.LogForensics\SecAudit.Modules.LogForensics.csproj", "{D91A2D71-0486-4B41-8C03-109D201DF9BA}"
EndProject
Project("{2150E333-8FDC-42A3-9474-1A3956D46DE8}") = "tests", "tests", "{145DEF13-49D6-4D7D-BD6B-FF5D96BD6D24}"
EndProject
Project("{FAE04EC0-301F-11D3-BF4B-00C04F79EFBC}") = "SecAudit.Modules.LogForensics.Tests", "tests\SecAudit.Modules.LogForensics.Tests\SecAudit.Modules.LogForensics.Tests.csproj", "{0ACF978B-D7F4-41AD-8047-EE21D4CF3F31}"
EndProject
Project("{FAE04EC0-301F-11D3-BF4B-00C04F79EFBC}") = "SecAudit.Infrastructure.Tests", "tests\SecAudit.Infrastructure.Tests\SecAudit.Infrastructure.Tests.csproj", "{835794C3-3A50-40EB-ADDF-C982CB5AC639}"
EndProject
Project("{FAE04EC0-301F-11D3-BF4B-00C04F79EFBC}") = "SecAudit.Modules.RemoteAccess.Tests", "tests\SecAudit.Modules.RemoteAccess.Tests\SecAudit.Modules.RemoteAccess.Tests.csproj", "{590A01D3-56DC-411E-B38A-CD3D1E15EBB9}"
EndProject
Project("{2150E333-8FDC-42A3-9474-1A3956D46DE8}") = "tools", "tools", "{79012EB6-E3F1-4219-AEB1-6388E08096EB}"
EndProject
Project("{FAE04EC0-301F-11D3-BF4B-00C04F79EFBC}") = "SecAudit.DocGen", "tools\SecAudit.DocGen\SecAudit.DocGen.csproj", "{DAD789EA-967F-4CEE-BFDF-A2131E3850B7}"
EndProject
Project("{FAE04EC0-301F-11D3-BF4B-00C04F79EFBC}") = "SecAudit.Modules.MalwareInspector", "src\SecAudit.Modules.MalwareInspector\SecAudit.Modules.MalwareInspector.csproj", "{A6BDE3C7-DE7D-4F1C-AA37-E6C116D9CC74}"
EndProject
Project("{FAE04EC0-301F-11D3-BF4B-00C04F79EFBC}") = "SecAudit.Modules.DeviceForensics", "src\SecAudit.Modules.DeviceForensics\SecAudit.Modules.DeviceForensics.csproj", "{C9F2A0E1-7B3D-4F82-9A14-6E5D8C1B2A30}"
EndProject
Global
	GlobalSection(SolutionConfigurationPlatforms) = preSolution
		Debug|Any CPU = Debug|Any CPU
		Release|Any CPU = Release|Any CPU
	EndGlobalSection
	GlobalSection(SolutionProperties) = preSolution
		HideSolutionNode = FALSE
	EndGlobalSection
	GlobalSection(ProjectConfigurationPlatforms) = postSolution
		{106115AC-F049-4021-AFC2-AB0281ED98BB}.Debug|Any CPU.ActiveCfg = Debug|Any CPU
		{106115AC-F049-4021-AFC2-AB0281ED98BB}.Debug|Any CPU.Build.0 = Debug|Any CPU
		{106115AC-F049-4021-AFC2-AB0281ED98BB}.Release|Any CPU.ActiveCfg = Release|Any CPU
		{106115AC-F049-4021-AFC2-AB0281ED98BB}.Release|Any CPU.Build.0 = Release|Any CPU
		{4BD95761-1019-4368-9234-5E34D2026FBA}.Debug|Any CPU.ActiveCfg = Debug|Any CPU
		{4BD95761-1019-4368-9234-5E34D2026FBA}.Debug|Any CPU.Build.0 = Debug|Any CPU
		{4BD95761-1019-4368-9234-5E34D2026FBA}.Release|Any CPU.ActiveCfg = Release|Any CPU
		{4BD95761-1019-4368-9234-5E34D2026FBA}.Release|Any CPU.Build.0 = Release|Any CPU
		{DA5E1183-D583-419D-BF3B-073DA6A4AFD5}.Debug|Any CPU.ActiveCfg = Debug|Any CPU
		{DA5E1183-D583-419D-BF3B-073DA6A4AFD5}.Debug|Any CPU.Build.0 = Debug|Any CPU
		{DA5E1183-D583-419D-BF3B-073DA6A4AFD5}.Release|Any CPU.ActiveCfg = Release|Any CPU
		{DA5E1183-D583-419D-BF3B-073DA6A4AFD5}.Release|Any CPU.Build.0 = Release|Any CPU
		{80B29315-01A0-4615-AA5B-56B168CB0771}.Debug|Any CPU.ActiveCfg = Debug|Any CPU
		{80B29315-01A0-4615-AA5B-56B168CB0771}.Debug|Any CPU.Build.0 = Debug|Any CPU
		{80B29315-01A0-4615-AA5B-56B168CB0771}.Release|Any CPU.ActiveCfg = Release|Any CPU
		{80B29315-01A0-4615-AA5B-56B168CB0771}.Release|Any CPU.Build.0 = Release|Any CPU
		{FFC68501-217B-4B69-96A7-7D78C0E958C1}.Debug|Any CPU.ActiveCfg = Debug|Any CPU
		{FFC68501-217B-4B69-96A7-7D78C0E958C1}.Debug|Any CPU.Build.0 = Debug|Any CPU
		{FFC68501-217B-4B69-96A7-7D78C0E958C1}.Release|Any CPU.ActiveCfg = Release|Any CPU
		{FFC68501-217B-4B69-96A7-7D78C0E958C1}.Release|Any CPU.Build.0 = Release|Any CPU
		{ED7F56B6-38C5-4313-8DA2-C08B02F0D7A3}.Debug|Any CPU.ActiveCfg = Debug|Any CPU
		{ED7F56B6-38C5-4313-8DA2-C08B02F0D7A3}.Debug|Any CPU.Build.0 = Debug|Any CPU
		{ED7F56B6-38C5-4313-8DA2-C08B02F0D7A3}.Release|Any CPU.ActiveCfg = Release|Any CPU
		{ED7F56B6-38C5-4313-8DA2-C08B02F0D7A3}.Release|Any CPU.Build.0 = Release|Any CPU
		{04FA7DBB-1362-48DD-87BE-CEEFD86026D8}.Debug|Any CPU.ActiveCfg = Debug|Any CPU
		{04FA7DBB-1362-48DD-87BE-CEEFD86026D8}.Debug|Any CPU.Build.0 = Debug|Any CPU
		{04FA7DBB-1362-48DD-87BE-CEEFD86026D8}.Release|Any CPU.ActiveCfg = Release|Any CPU
		{04FA7DBB-1362-48DD-87BE-CEEFD86026D8}.Release|Any CPU.Build.0 = Release|Any CPU
		{DA616489-D1B8-4B9B-AC4D-B521B080E7F6}.Debug|Any CPU.ActiveCfg = Debug|Any CPU
		{DA616489-D1B8-4B9B-AC4D-B521B080E7F6}.Debug|Any CPU.Build.0 = Debug|Any CPU
		{DA616489-D1B8-4B9B-AC4D-B521B080E7F6}.Release|Any CPU.ActiveCfg = Release|Any CPU
		{DA616489-D1B8-4B9B-AC4D-B521B080E7F6}.Release|Any CPU.Build.0 = Release|Any CPU
		{6AF54EE4-9933-4321-B63B-A7315446D345}.Debug|Any CPU.ActiveCfg = Debug|Any CPU
		{6AF54EE4-9933-4321-B63B-A7315446D345}.Debug|Any CPU.Build.0 = Debug|Any CPU
		{6AF54EE4-9933-4321-B63B-A7315446D345}.Release|Any CPU.ActiveCfg = Release|Any CPU
		{6AF54EE4-9933-4321-B63B-A7315446D345}.Release|Any CPU.Build.0 = Release|Any CPU
		{97F8F6C1-9029-4E8B-AC78-E4A901DB36C1}.Debug|Any CPU.ActiveCfg = Debug|Any CPU
		{97F8F6C1-9029-4E8B-AC78-E4A901DB36C1}.Debug|Any CPU.Build.0 = Debug|Any CPU
		{97F8F6C1-9029-4E8B-AC78-E4A901DB36C1}.Release|Any CPU.ActiveCfg = Release|Any CPU
		{97F8F6C1-9029-4E8B-AC78-E4A901DB36C1}.Release|Any CPU.Build.0 = Release|Any CPU
		{3917CC26-2511-4DDE-9548-7BE37C82FE07}.Debug|Any CPU.ActiveCfg = Debug|Any CPU
		{3917CC26-2511-4DDE-9548-7BE37C82FE07}.Debug|Any CPU.Build.0 = Debug|Any CPU
		{3917CC26-2511-4DDE-9548-7BE37C82FE07}.Release|Any CPU.ActiveCfg = Release|Any CPU
		{3917CC26-2511-4DDE-9548-7BE37C82FE07}.Release|Any CPU.Build.0 = Release|Any CPU
		{9DA8585C-6BCF-4AEF-9A67-991D46386034}.Debug|Any CPU.ActiveCfg = Debug|Any CPU
		{9DA8585C-6BCF-4AEF-9A67-991D46386034}.Debug|Any CPU.Build.0 = Debug|Any CPU
		{9DA8585C-6BCF-4AEF-9A67-991D46386034}.Release|Any CPU.ActiveCfg = Release|Any CPU
		{9DA8585C-6BCF-4AEF-9A67-991D46386034}.Release|Any CPU.Build.0 = Release|Any CPU
		{396B998D-F97C-48E0-8AA7-75AAAAEC17D6}.Debug|Any CPU.ActiveCfg = Debug|Any CPU
		{396B998D-F97C-48E0-8AA7-75AAAAEC17D6}.Debug|Any CPU.Build.0 = Debug|Any CPU
		{396B998D-F97C-48E0-8AA7-75AAAAEC17D6}.Release|Any CPU.ActiveCfg = Release|Any CPU
		{396B998D-F97C-48E0-8AA7-75AAAAEC17D6}.Release|Any CPU.Build.0 = Release|Any CPU
		{751D15CF-5F2F-4B30-9136-C40E4A462CC3}.Debug|Any CPU.ActiveCfg = Debug|Any CPU
		{751D15CF-5F2F-4B30-9136-C40E4A462CC3}.Debug|Any CPU.Build.0 = Debug|Any CPU
		{751D15CF-5F2F-4B30-9136-C40E4A462CC3}.Release|Any CPU.ActiveCfg = Release|Any CPU
		{751D15CF-5F2F-4B30-9136-C40E4A462CC3}.Release|Any CPU.Build.0 = Release|Any CPU
		{D91A2D71-0486-4B41-8C03-109D201DF9BA}.Debug|Any CPU.ActiveCfg = Debug|Any CPU
		{D91A2D71-0486-4B41-8C03-109D201DF9BA}.Debug|Any CPU.Build.0 = Debug|Any CPU
		{D91A2D71-0486-4B41-8C03-109D201DF9BA}.Release|Any CPU.ActiveCfg = Release|Any CPU
		{D91A2D71-0486-4B41-8C03-109D201DF9BA}.Release|Any CPU.Build.0 = Release|Any CPU
		{0ACF978B-D7F4-41AD-8047-EE21D4CF3F31}.Debug|Any CPU.ActiveCfg = Debug|Any CPU
		{0ACF978B-D7F4-41AD-8047-EE21D4CF3F31}.Debug|Any CPU.Build.0 = Debug|Any CPU
		{0ACF978B-D7F4-41AD-8047-EE21D4CF3F31}.Release|Any CPU.ActiveCfg = Release|Any CPU
		{0ACF978B-D7F4-41AD-8047-EE21D4CF3F31}.Release|Any CPU.Build.0 = Release|Any CPU
		{835794C3-3A50-40EB-ADDF-C982CB5AC639}.Debug|Any CPU.ActiveCfg = Debug|Any CPU
		{835794C3-3A50-40EB-ADDF-C982CB5AC639}.Debug|Any CPU.Build.0 = Debug|Any CPU
		{835794C3-3A50-40EB-ADDF-C982CB5AC639}.Release|Any CPU.ActiveCfg = Release|Any CPU
		{835794C3-3A50-40EB-ADDF-C982CB5AC639}.Release|Any CPU.Build.0 = Release|Any CPU
		{590A01D3-56DC-411E-B38A-CD3D1E15EBB9}.Debug|Any CPU.ActiveCfg = Debug|Any CPU
		{590A01D3-56DC-411E-B38A-CD3D1E15EBB9}.Debug|Any CPU.Build.0 = Debug|Any CPU
		{590A01D3-56DC-411E-B38A-CD3D1E15EBB9}.Release|Any CPU.ActiveCfg = Release|Any CPU
		{590A01D3-56DC-411E-B38A-CD3D1E15EBB9}.Release|Any CPU.Build.0 = Release|Any CPU
		{DAD789EA-967F-4CEE-BFDF-A2131E3850B7}.Debug|Any CPU.ActiveCfg = Debug|Any CPU
		{DAD789EA-967F-4CEE-BFDF-A2131E3850B7}.Debug|Any CPU.Build.0 = Debug|Any CPU
		{DAD789EA-967F-4CEE-BFDF-A2131E3850B7}.Release|Any CPU.ActiveCfg = Release|Any CPU
		{DAD789EA-967F-4CEE-BFDF-A2131E3850B7}.Release|Any CPU.Build.0 = Release|Any CPU
		{C9F2A0E1-7B3D-4F82-9A14-6E5D8C1B2A30}.Debug|Any CPU.ActiveCfg = Debug|Any CPU
		{C9F2A0E1-7B3D-4F82-9A14-6E5D8C1B2A30}.Debug|Any CPU.Build.0 = Debug|Any CPU
		{C9F2A0E1-7B3D-4F82-9A14-6E5D8C1B2A30}.Release|Any CPU.ActiveCfg = Release|Any CPU
		{C9F2A0E1-7B3D-4F82-9A14-6E5D8C1B2A30}.Release|Any CPU.Build.0 = Release|Any CPU
		{A6BDE3C7-DE7D-4F1C-AA37-E6C116D9CC74}.Debug|Any CPU.ActiveCfg = Debug|Any CPU
		{A6BDE3C7-DE7D-4F1C-AA37-E6C116D9CC74}.Debug|Any CPU.Build.0 = Debug|Any CPU
		{A6BDE3C7-DE7D-4F1C-AA37-E6C116D9CC74}.Release|Any CPU.ActiveCfg = Release|Any CPU
		{A6BDE3C7-DE7D-4F1C-AA37-E6C116D9CC74}.Release|Any CPU.Build.0 = Release|Any CPU
	EndGlobalSection
	GlobalSection(NestedProjects) = preSolution
		{106115AC-F049-4021-AFC2-AB0281ED98BB} = {08E4601D-6248-40D0-8893-49916F4AEC99}
		{4BD95761-1019-4368-9234-5E34D2026FBA} = {08E4601D-6248-40D0-8893-49916F4AEC99}
		{DA5E1183-D583-419D-BF3B-073DA6A4AFD5} = {08E4601D-6248-40D0-8893-49916F4AEC99}
		{80B29315-01A0-4615-AA5B-56B168CB0771} = {08E4601D-6248-40D0-8893-49916F4AEC99}
		{FFC68501-217B-4B69-96A7-7D78C0E958C1} = {08E4601D-6248-40D0-8893-49916F4AEC99}
		{ED7F56B6-38C5-4313-8DA2-C08B02F0D7A3} = {08E4601D-6248-40D0-8893-49916F4AEC99}
		{04FA7DBB-1362-48DD-87BE-CEEFD86026D8} = {08E4601D-6248-40D0-8893-49916F4AEC99}
		{DA616489-D1B8-4B9B-AC4D-B521B080E7F6} = {08E4601D-6248-40D0-8893-49916F4AEC99}
		{6AF54EE4-9933-4321-B63B-A7315446D345} = {08E4601D-6248-40D0-8893-49916F4AEC99}
		{97F8F6C1-9029-4E8B-AC78-E4A901DB36C1} = {08E4601D-6248-40D0-8893-49916F4AEC99}
		{3917CC26-2511-4DDE-9548-7BE37C82FE07} = {08E4601D-6248-40D0-8893-49916F4AEC99}
		{9DA8585C-6BCF-4AEF-9A67-991D46386034} = {08E4601D-6248-40D0-8893-49916F4AEC99}
		{396B998D-F97C-48E0-8AA7-75AAAAEC17D6} = {08E4601D-6248-40D0-8893-49916F4AEC99}
		{751D15CF-5F2F-4B30-9136-C40E4A462CC3} = {08E4601D-6248-40D0-8893-49916F4AEC99}
		{D91A2D71-0486-4B41-8C03-109D201DF9BA} = {08E4601D-6248-40D0-8893-49916F4AEC99}
		{0ACF978B-D7F4-41AD-8047-EE21D4CF3F31} = {145DEF13-49D6-4D7D-BD6B-FF5D96BD6D24}
		{835794C3-3A50-40EB-ADDF-C982CB5AC639} = {145DEF13-49D6-4D7D-BD6B-FF5D96BD6D24}
		{590A01D3-56DC-411E-B38A-CD3D1E15EBB9} = {145DEF13-49D6-4D7D-BD6B-FF5D96BD6D24}
		{DAD789EA-967F-4CEE-BFDF-A2131E3850B7} = {79012EB6-E3F1-4219-AEB1-6388E08096EB}
		{A6BDE3C7-DE7D-4F1C-AA37-E6C116D9CC74} = {08E4601D-6248-40D0-8893-49916F4AEC99}
	EndGlobalSection
EndGlobal
